
Microsoft Visual Studio Solution File, Format Version 12.00
# Visual Studio Version 17
VisualStudioVersion = 17.3.32922.545
MinimumVisualStudioVersion = 10.0.40219.1
Project("{FAE04EC0-301F-11D3-BF4B-00C04F79EFBC}") = "homeWork_bossFight", "homeWork_bossFight\homeWork_bossFight.csproj", "{7348B0FE-77BC-4010-B8D9-E0EDB63205BD}"
EndProject
Global
	GlobalSection(SolutionConfigurationPlatforms) = preSolution
		Debug|Any CPU = Debug|Any CPU
		Release|Any CPU = Release|Any CPU
	EndGlobalSection
	GlobalSection(ProjectConfigurationPlatforms) = postSolution
		{7348B0FE-77BC-4010-B8D9-E0EDB63205BD}.Debug|Any CPU.ActiveCfg = Debug|Any CPU
		{7348B0FE-77BC-4010-B8D9-E0EDB63205BD}.Debug|Any CPU.Build.0 = Debug|Any CPU
		{7348B0FE-77BC-4010-B8D9-E0EDB63205BD}.Release|Any CPU.ActiveCfg = Release|Any CPU
		{7348B0FE-77BC-4010-B8D9-E0EDB63205BD}.Release|Any CPU.Build.0 = Release|Any CPU
	EndGlobalSection
	GlobalSection(SolutionProperties) = preSolution
		HideSolutionNode = FALSE
	EndGlobalSection
	GlobalSection(ExtensibilityGlobals) = postSolution
		SolutionGuid = {58BD4624-1AB2-4165-84CF-97EB48E5D852}
	EndGlobalSection
EndGlobal
